# THIS IS AN AUTOGENERATED FILE. DO NOT EDIT THIS FILE DIRECTLY.
# yarn lockfile v1


find-exec@0.0.8:
  version "0.0.8"
  resolved "https://registry.yarnpkg.com/find-exec/-/find-exec-0.0.8.tgz#c89d36894ad7b6e2aa36b84270d0b2c9c32344db"
  dependencies:
    sync-exec "^0.6.2"

play-sound@^1.1.1:
  version "1.1.1"
  resolved "https://registry.yarnpkg.com/play-sound/-/play-sound-1.1.1.tgz#a0a5d29358beb298d33021b13bdedee09c67e7f1"
  dependencies:
    find-exec "0.0.8"

sync-exec@^0.6.2:
  version "0.6.2"
  resolved "https://registry.yarnpkg.com/sync-exec/-/sync-exec-0.6.2.tgz#717d22cc53f0ce1def5594362f3a89a2ebb91105"
